
Microsoft Visual Studio Solution File, Format Version 12.00
# Visual Studio 14
VisualStudioVersion = 14.0.23107.0
MinimumVisualStudioVersion = 10.0.40219.1
Project("{FAE04EC0-301F-11D3-BF4B-00C04F79EFBC}") = "GeneralMachine", "GeneralMachine\GeneralMachine.csproj", "{A4946CA1-1CAB-47CC-B0D5-2C4D68B26583}"
EndProject
Project("{FAE04EC0-301F-11D3-BF4B-00C04F79EFBC}") = "GeneralMachineCommon", "GeneralMachineCommon\GeneralMachineCommon.csproj", "{36510F6F-3DA0-4870-AE97-FD01FE25E476}"
EndProject
Project("{FAE04EC0-301F-11D3-BF4B-00C04F79EFBC}") = "GeneralMachine.Config", "GeneralMachine.Config\GeneralMachine.Config.csproj", "{7D684500-88DD-48B3-9AF9-1642B26A82B4}"
EndProject
Project("{FAE04EC0-301F-11D3-BF4B-00C04F79EFBC}") = "GeneralMachine.Flow", "GeneralMachine.Flow\GeneralMachine.Flow.csproj", "{7F62FB99-76F1-4B30-A242-2B3BF980E357}"
EndProject
Project("{FAE04EC0-301F-11D3-BF4B-00C04F79EFBC}") = "GeneralMachine.Track", "GeneralMachine.Trace\GeneralMachine.Track.csproj", "{B23A4441-20B6-4FEB-AA4A-1AA03E3FE8D0}"
EndProject
Project("{FAE04EC0-301F-11D3-BF4B-00C04F79EFBC}") = "GeneralMachine.Motion", "GeneralMachine.Motion\GeneralMachine.Motion.csproj", "{02BBFCDF-3F81-4995-B143-59023F08D5AD}"
EndProject
Project("{FAE04EC0-301F-11D3-BF4B-00C04F79EFBC}") = "GeneralMachine.Install", "GeneralMachine.Install\GeneralMachine.Install.csproj", "{4C9D6E77-5C99-43EF-ACF7-AAF33C6AC53A}"
EndProject
Project("{FAE04EC0-301F-11D3-BF4B-00C04F79EFBC}") = "GeneralMachine.Vision", "GeneralMachine.Vision\GeneralMachine.Vision.csproj", "{DBF8334F-C6FE-46DD-AEC3-9BD44A12E1B4}"
EndProject
Project("{FAE04EC0-301F-11D3-BF4B-00C04F79EFBC}") = "GeneralMachine.Report", "GeneralMachine.Report\GeneralMachine.Report.csproj", "{FCAADE4E-1145-4F28-B900-24D045DADE0E}"
EndProject
Project("{FAE04EC0-301F-11D3-BF4B-00C04F79EFBC}") = "GeneralMachine.MES", "GeneralMachine.MES\GeneralMachine.MES.csproj", "{D2F928FA-931F-451D-A201-96AB0492CA66}"
EndProject
Project("{FAE04EC0-301F-11D3-BF4B-00C04F79EFBC}") = "GeneralMachine.Cliab", "GeneralMachine.Cliab\GeneralMachine.Cliab.csproj", "{511E97C2-CAC8-4D0C-8044-9B3022191441}"
EndProject
Project("{FAE04EC0-301F-11D3-BF4B-00C04F79EFBC}") = "GeneralMachine.BasicUI", "GeneralMachine.BasicUI\GeneralMachine.BasicUI.csproj", "{DB7B718C-E6B6-4245-995C-8FED12DC773E}"
EndProject
Project("{FAE04EC0-301F-11D3-BF4B-00C04F79EFBC}") = "GeneralMachine.Press", "GeneralMachine.Press\GeneralMachine.Press.csproj", "{54E4CA9A-9A50-4164-BFF1-50C24E6F5014}"
EndProject
Global
	GlobalSection(SolutionConfigurationPlatforms) = preSolution
		Debug|Any CPU = Debug|Any CPU
		Debug|x86 = Debug|x86
		Release|Any CPU = Release|Any CPU
		Release|x86 = Release|x86
	EndGlobalSection
	GlobalSection(ProjectConfigurationPlatforms) = postSolution
		{A4946CA1-1CAB-47CC-B0D5-2C4D68B26583}.Debug|Any CPU.ActiveCfg = Debug|Any CPU
		{A4946CA1-1CAB-47CC-B0D5-2C4D68B26583}.Debug|Any CPU.Build.0 = Debug|Any CPU
		{A4946CA1-1CAB-47CC-B0D5-2C4D68B26583}.Debug|x86.ActiveCfg = Debug|x86
		{A4946CA1-1CAB-47CC-B0D5-2C4D68B26583}.Debug|x86.Build.0 = Debug|x86
		{A4946CA1-1CAB-47CC-B0D5-2C4D68B26583}.Release|Any CPU.ActiveCfg = Release|Any CPU
		{A4946CA1-1CAB-47CC-B0D5-2C4D68B26583}.Release|Any CPU.Build.0 = Release|Any CPU
		{A4946CA1-1CAB-47CC-B0D5-2C4D68B26583}.Release|x86.ActiveCfg = Release|x86
		{A4946CA1-1CAB-47CC-B0D5-2C4D68B26583}.Release|x86.Build.0 = Release|x86
		{36510F6F-3DA0-4870-AE97-FD01FE25E476}.Debug|Any CPU.ActiveCfg = Debug|Any CPU
		{36510F6F-3DA0-4870-AE97-FD01FE25E476}.Debug|Any CPU.Build.0 = Debug|Any CPU
		{36510F6F-3DA0-4870-AE97-FD01FE25E476}.Debug|x86.ActiveCfg = Debug|x86
		{36510F6F-3DA0-4870-AE97-FD01FE25E476}.Debug|x86.Build.0 = Debug|x86
		{36510F6F-3DA0-4870-AE97-FD01FE25E476}.Release|Any CPU.ActiveCfg = Release|Any CPU
		{36510F6F-3DA0-4870-AE97-FD01FE25E476}.Release|Any CPU.Build.0 = Release|Any CPU
		{36510F6F-3DA0-4870-AE97-FD01FE25E476}.Release|x86.ActiveCfg = Release|x86
		{36510F6F-3DA0-4870-AE97-FD01FE25E476}.Release|x86.Build.0 = Release|x86
		{7D684500-88DD-48B3-9AF9-1642B26A82B4}.Debug|Any CPU.ActiveCfg = Debug|Any CPU
		{7D684500-88DD-48B3-9AF9-1642B26A82B4}.Debug|Any CPU.Build.0 = Debug|Any CPU
		{7D684500-88DD-48B3-9AF9-1642B26A82B4}.Debug|x86.ActiveCfg = Debug|x86
		{7D684500-88DD-48B3-9AF9-1642B26A82B4}.Debug|x86.Build.0 = Debug|x86
		{7D684500-88DD-48B3-9AF9-1642B26A82B4}.Release|Any CPU.ActiveCfg = Release|Any CPU
		{7D684500-88DD-48B3-9AF9-1642B26A82B4}.Release|Any CPU.Build.0 = Release|Any CPU
		{7D684500-88DD-48B3-9AF9-1642B26A82B4}.Release|x86.ActiveCfg = Release|x86
		{7D684500-88DD-48B3-9AF9-1642B26A82B4}.Release|x86.Build.0 = Release|x86
		{7F62FB99-76F1-4B30-A242-2B3BF980E357}.Debug|Any CPU.ActiveCfg = Debug|Any CPU
		{7F62FB99-76F1-4B30-A242-2B3BF980E357}.Debug|Any CPU.Build.0 = Debug|Any CPU
		{7F62FB99-76F1-4B30-A242-2B3BF980E357}.Debug|x86.ActiveCfg = Debug|Any CPU
		{7F62FB99-76F1-4B30-A242-2B3BF980E357}.Debug|x86.Build.0 = Debug|Any CPU
		{7F62FB99-76F1-4B30-A242-2B3BF980E357}.Release|Any CPU.ActiveCfg = Release|Any CPU
		{7F62FB99-76F1-4B30-A242-2B3BF980E357}.Release|Any CPU.Build.0 = Release|Any CPU
		{7F62FB99-76F1-4B30-A242-2B3BF980E357}.Release|x86.ActiveCfg = Release|Any CPU
		{7F62FB99-76F1-4B30-A242-2B3BF980E357}.Release|x86.Build.0 = Release|Any CPU
		{B23A4441-20B6-4FEB-AA4A-1AA03E3FE8D0}.Debug|Any CPU.ActiveCfg = Debug|Any CPU
		{B23A4441-20B6-4FEB-AA4A-1AA03E3FE8D0}.Debug|Any CPU.Build.0 = Debug|Any CPU
		{B23A4441-20B6-4FEB-AA4A-1AA03E3FE8D0}.Debug|x86.ActiveCfg = Debug|x86
		{B23A4441-20B6-4FEB-AA4A-1AA03E3FE8D0}.Debug|x86.Build.0 = Debug|x86
		{B23A4441-20B6-4FEB-AA4A-1AA03E3FE8D0}.Release|Any CPU.ActiveCfg = Release|Any CPU
		{B23A4441-20B6-4FEB-AA4A-1AA03E3FE8D0}.Release|Any CPU.Build.0 = Release|Any CPU
		{B23A4441-20B6-4FEB-AA4A-1AA03E3FE8D0}.Release|x86.ActiveCfg = Release|x86
		{B23A4441-20B6-4FEB-AA4A-1AA03E3FE8D0}.Release|x86.Build.0 = Release|x86
		{02BBFCDF-3F81-4995-B143-59023F08D5AD}.Debug|Any CPU.ActiveCfg = Debug|Any CPU
		{02BBFCDF-3F81-4995-B143-59023F08D5AD}.Debug|Any CPU.Build.0 = Debug|Any CPU
		{02BBFCDF-3F81-4995-B143-59023F08D5AD}.Debug|x86.ActiveCfg = Debug|x86
		{02BBFCDF-3F81-4995-B143-59023F08D5AD}.Debug|x86.Build.0 = Debug|x86
		{02BBFCDF-3F81-4995-B143-59023F08D5AD}.Release|Any CPU.ActiveCfg = Release|Any CPU
		{02BBFCDF-3F81-4995-B143-59023F08D5AD}.Release|Any CPU.Build.0 = Release|Any CPU
		{02BBFCDF-3F81-4995-B143-59023F08D5AD}.Release|x86.ActiveCfg = Release|x86
		{02BBFCDF-3F81-4995-B143-59023F08D5AD}.Release|x86.Build.0 = Release|x86
		{4C9D6E77-5C99-43EF-ACF7-AAF33C6AC53A}.Debug|Any CPU.ActiveCfg = Debug|Any CPU
		{4C9D6E77-5C99-43EF-ACF7-AAF33C6AC53A}.Debug|Any CPU.Build.0 = Debug|Any CPU
		{4C9D6E77-5C99-43EF-ACF7-AAF33C6AC53A}.Debug|x86.ActiveCfg = Debug|x86
		{4C9D6E77-5C99-43EF-ACF7-AAF33C6AC53A}.Debug|x86.Build.0 = Debug|x86
		{4C9D6E77-5C99-43EF-ACF7-AAF33C6AC53A}.Release|Any CPU.ActiveCfg = Release|Any CPU
		{4C9D6E77-5C99-43EF-ACF7-AAF33C6AC53A}.Release|Any CPU.Build.0 = Release|Any CPU
		{4C9D6E77-5C99-43EF-ACF7-AAF33C6AC53A}.Release|x86.ActiveCfg = Release|x86
		{4C9D6E77-5C99-43EF-ACF7-AAF33C6AC53A}.Release|x86.Build.0 = Release|x86
		{DBF8334F-C6FE-46DD-AEC3-9BD44A12E1B4}.Debug|Any CPU.ActiveCfg = Debug|Any CPU
		{DBF8334F-C6FE-46DD-AEC3-9BD44A12E1B4}.Debug|Any CPU.Build.0 = Debug|Any CPU
		{DBF8334F-C6FE-46DD-AEC3-9BD44A12E1B4}.Debug|x86.ActiveCfg = Debug|Any CPU
		{DBF8334F-C6FE-46DD-AEC3-9BD44A12E1B4}.Debug|x86.Build.0 = Debug|Any CPU
		{DBF8334F-C6FE-46DD-AEC3-9BD44A12E1B4}.Release|Any CPU.ActiveCfg = Release|Any CPU
		{DBF8334F-C6FE-46DD-AEC3-9BD44A12E1B4}.Release|Any CPU.Build.0 = Release|Any CPU
		{DBF8334F-C6FE-46DD-AEC3-9BD44A12E1B4}.Release|x86.ActiveCfg = Release|Any CPU
		{DBF8334F-C6FE-46DD-AEC3-9BD44A12E1B4}.Release|x86.Build.0 = Release|Any CPU
		{FCAADE4E-1145-4F28-B900-24D045DADE0E}.Debug|Any CPU.ActiveCfg = Debug|Any CPU
		{FCAADE4E-1145-4F28-B900-24D045DADE0E}.Debug|Any CPU.Build.0 = Debug|Any CPU
		{FCAADE4E-1145-4F28-B900-24D045DADE0E}.Debug|x86.ActiveCfg = Debug|x86
		{FCAADE4E-1145-4F28-B900-24D045DADE0E}.Debug|x86.Build.0 = Debug|x86
		{FCAADE4E-1145-4F28-B900-24D045DADE0E}.Release|Any CPU.ActiveCfg = Release|Any CPU
		{FCAADE4E-1145-4F28-B900-24D045DADE0E}.Release|Any CPU.Build.0 = Release|Any CPU
		{FCAADE4E-1145-4F28-B900-24D045DADE0E}.Release|x86.ActiveCfg = Release|x86
		{FCAADE4E-1145-4F28-B900-24D045DADE0E}.Release|x86.Build.0 = Release|x86
		{D2F928FA-931F-451D-A201-96AB0492CA66}.Debug|Any CPU.ActiveCfg = Debug|Any CPU
		{D2F928FA-931F-451D-A201-96AB0492CA66}.Debug|Any CPU.Build.0 = Debug|Any CPU
		{D2F928FA-931F-451D-A201-96AB0492CA66}.Debug|x86.ActiveCfg = Debug|x86
		{D2F928FA-931F-451D-A201-96AB0492CA66}.Debug|x86.Build.0 = Debug|x86
		{D2F928FA-931F-451D-A201-96AB0492CA66}.Release|Any CPU.ActiveCfg = Release|Any CPU
		{D2F928FA-931F-451D-A201-96AB0492CA66}.Release|Any CPU.Build.0 = Release|Any CPU
		{D2F928FA-931F-451D-A201-96AB0492CA66}.Release|x86.ActiveCfg = Release|x86
		{D2F928FA-931F-451D-A201-96AB0492CA66}.Release|x86.Build.0 = Release|x86
		{511E97C2-CAC8-4D0C-8044-9B3022191441}.Debug|Any CPU.ActiveCfg = Debug|Any CPU
		{511E97C2-CAC8-4D0C-8044-9B3022191441}.Debug|Any CPU.Build.0 = Debug|Any CPU
		{511E97C2-CAC8-4D0C-8044-9B3022191441}.Debug|x86.ActiveCfg = Debug|x86
		{511E97C2-CAC8-4D0C-8044-9B3022191441}.Debug|x86.Build.0 = Debug|x86
		{511E97C2-CAC8-4D0C-8044-9B3022191441}.Release|Any CPU.ActiveCfg = Release|Any CPU
		{511E97C2-CAC8-4D0C-8044-9B3022191441}.Release|Any CPU.Build.0 = Release|Any CPU
		{511E97C2-CAC8-4D0C-8044-9B3022191441}.Release|x86.ActiveCfg = Release|x86
		{511E97C2-CAC8-4D0C-8044-9B3022191441}.Release|x86.Build.0 = Release|x86
		{DB7B718C-E6B6-4245-995C-8FED12DC773E}.Debug|Any CPU.ActiveCfg = Debug|Any CPU
		{DB7B718C-E6B6-4245-995C-8FED12DC773E}.Debug|Any CPU.Build.0 = Debug|Any CPU
		{DB7B718C-E6B6-4245-995C-8FED12DC773E}.Debug|x86.ActiveCfg = Debug|x86
		{DB7B718C-E6B6-4245-995C-8FED12DC773E}.Debug|x86.Build.0 = Debug|x86
		{DB7B718C-E6B6-4245-995C-8FED12DC773E}.Release|Any CPU.ActiveCfg = Release|Any CPU
		{DB7B718C-E6B6-4245-995C-8FED12DC773E}.Release|Any CPU.Build.0 = Release|Any CPU
		{DB7B718C-E6B6-4245-995C-8FED12DC773E}.Release|x86.ActiveCfg = Release|x86
		{DB7B718C-E6B6-4245-995C-8FED12DC773E}.Release|x86.Build.0 = Release|x86
		{54E4CA9A-9A50-4164-BFF1-50C24E6F5014}.Debug|Any CPU.ActiveCfg = Debug|Any CPU
		{54E4CA9A-9A50-4164-BFF1-50C24E6F5014}.Debug|Any CPU.Build.0 = Debug|Any CPU
		{54E4CA9A-9A50-4164-BFF1-50C24E6F5014}.Debug|x86.ActiveCfg = Debug|x86
		{54E4CA9A-9A50-4164-BFF1-50C24E6F5014}.Debug|x86.Build.0 = Debug|x86
		{54E4CA9A-9A50-4164-BFF1-50C24E6F5014}.Release|Any CPU.ActiveCfg = Release|Any CPU
		{54E4CA9A-9A50-4164-BFF1-50C24E6F5014}.Release|Any CPU.Build.0 = Release|Any CPU
		{54E4CA9A-9A50-4164-BFF1-50C24E6F5014}.Release|x86.ActiveCfg = Release|x86
		{54E4CA9A-9A50-4164-BFF1-50C24E6F5014}.Release|x86.Build.0 = Release|x86
	EndGlobalSection
	GlobalSection(SolutionProperties) = preSolution
		HideSolutionNode = FALSE
	EndGlobalSection
	GlobalSection(ExtensibilityGlobals) = postSolution
		SolutionGuid = {E4942BEE-3DAF-4717-AE22-B2C81DE50581}
	EndGlobalSection
EndGlobal
